{
    "_readme": [
        "This file locks the dependencies of your project to a known state",
        "Read more about it at https://getcomposer.org/doc/01-basic-usage.md#installing-dependencies",
        "This file is @generated automatically"
    ],
    "content-hash": "c92ce71f1b3a8be7e0498b036de63aca",
    "packages": [],
    "packages-dev": [
        {
            "name": "sickn33/antigravity-awesome-skills",
            "version": "dev-main",
            "source": {
                "type": "git",
                "url": "https://github.com/sickn33/antigravity-awesome-skills.git",
                "reference": "main"
            },
            "type": "library"
        }
    ],
    "aliases": [],
    "minimum-stability": "stable",
    "stability-flags": {
        "sickn33/antigravity-awesome-skills": 20
    },
    "prefer-stable": false,
    "prefer-lowest": false,
    "platform": [],
    "platform-dev": [],
    "plugin-api-version": "2.6.0"
}
